<?xml version="1.0" encoding="utf-8"?>
<Project ToolsVersion="4.0" xmlns="http://schemas.microsoft.com/developer/msbuild/2003">
  <ItemGroup>
    <Filter Include="Source Files">
      <UniqueIdentifier>{4FC737F1-C7A5-4376-A066-2A32D752A2FF}</UniqueIdentifier>
      <Extensions>cpp;c;cc;cxx;def;odl;idl;hpj;bat;asm;asmx</Extensions>
    </Filter>
    <Filter Include="Header Files">
      <UniqueIdentifier>{93995380-89BD-4b04-88EB-625FBE52EBFB}</UniqueIdentifier>
      <Extensions>h;hpp;hxx;hm;inl;inc;xsd</Extensions>
    </Filter>
    <Filter Include="Resource Files">
      <UniqueIdentifier>{67DA6AB6-F800-4c08-8B7A-83BB121AAD01}</UniqueIdentifier>
      <Extensions>rc;ico;cur;bmp;dlg;rc2;rct;bin;rgs;gif;jpg;jpeg;jpe;resx;tiff;tif;png;wav</Extensions>
    </Filter>
    <Filter Include="Basic Samples">
      <UniqueIdentifier>{84265f4f-5183-4aaf-91a7-80ce5631dfe9}</UniqueIdentifier>
    </Filter>
    <Filter Include="Advanced Samples">
      <UniqueIdentifier>{84265f4f-5183-4aaf-91a7-80ce5631df99}</UniqueIdentifier>
    </Filter>
  </ItemGroup>
  <ItemGroup>
    <ClCompile Include="Advanced Samples2.cpp">
      <Filter>Source Files</Filter>
    </ClCompile>
    <ClCompile Include="AssemblyInfo.cpp">
      <Filter>Source Files</Filter>
    </ClCompile>
    <ClCompile Include="Basic Samples.cpp">
      <Filter>Source Files</Filter>
    </ClCompile>
    <ClCompile Include="Stdafx.cpp">
      <Filter>Source Files</Filter>
    </ClCompile>
    <ClCompile Include="HaGa Sample.cpp">
      <Filter>Source Files</Filter>
    </ClCompile>
  </ItemGroup>
  <ItemGroup>
    <ClInclude Include="Advanced Samples2.h">
      <Filter>Header Files</Filter>
    </ClInclude>
    <ClInclude Include="Basic Samples.h">
      <Filter>Header Files</Filter>
    </ClInclude>
    <ClInclude Include="resource.h">
      <Filter>Header Files</Filter>
    </ClInclude>
    <ClInclude Include="Stdafx.h">
      <Filter>Header Files</Filter>
    </ClInclude>
    <ClInclude Include="HaGa Sample.h">
      <Filter>Header Files</Filter>
    </ClInclude>
  </ItemGroup>
  <ItemGroup>
    <Image Include="app.ico">
      <Filter>Resource Files</Filter>
    </Image>
  </ItemGroup>
  <ItemGroup>
    <ResourceCompile Include="app.rc">
      <Filter>Resource Files</Filter>
    </ResourceCompile>
  </ItemGroup>
  <ItemGroup>
    <None Include="Basic Samples\Sample1 IndicatorVC.afl">
      <Filter>Basic Samples</Filter>
    </None>
    <None Include="Basic Samples\Sample2 Indicator with return valueVC.afl">
      <Filter>Basic Samples</Filter>
    </None>
    <None Include="Basic Samples\Sample3 Indicator with return value and parametersVC.afl">
      <Filter>Basic Samples</Filter>
    </None>
    <None Include="Basic Samples\Sample4 Accessing AFL variablesVC.afl">
      <Filter>Basic Samples</Filter>
    </None>
    <None Include="Basic samples\Sample5 Loop PerformanceVC.afl">
      <Filter>Basic Samples</Filter>
    </None>
    <None Include="Basic Samples\Sample6 ExceptionsVC.afl">
      <Filter>Basic Samples</Filter>
    </None>
    <None Include="Basic Samples\Sample7 BacktestVC.afl">
      <Filter>Basic Samples</Filter>
    </None>
    <None Include="Basic Samples\Sample8 SignalsVC.afl">
      <Filter>Basic Samples</Filter>
    </None>
    <None Include="Basic Samples\Sample9 StatsVC.afl">
      <Filter>Basic Samples</Filter>
    </None>
    <None Include="Advanced Samples\Sample2 ABHostVC.afl">
      <Filter>Advanced Samples</Filter>
    </None>
    <None Include="Advanced Samples\Sample3 ABParameterVC.afl">
      <Filter>Advanced Samples</Filter>
    </None>
    <None Include="Advanced Samples\Sample4 Default ParamVC.afl">
      <Filter>Advanced Samples</Filter>
    </None>
    <None Include="Advanced Samples\Sample5 CallFunctionVC.afl">
      <Filter>Advanced Samples</Filter>
    </None>
  </ItemGroup>
</Project>